// !$*UTF8*$!
{
	archiveVersion = 1;
	classes = {
	};
	objectVersion = 56;
	objects = {

/* Begin PBXBuildFile section */
		1503FC542B9355BD0074B6BB /* AccountNavigation.swift in Sources */ = {isa = PBXBuildFile; fileRef = 1503FC532B9355BD0074B6BB /* AccountNavigation.swift */; };
		1503FC572B95CAFE0074B6BB /* SnackBar.swift in Sources */ = {isa = PBXBuildFile; fileRef = 1503FC562B95CAFE0074B6BB /* SnackBar.swift */; };
		1520DC052B63A3B000C9EDAF /* MarketoreApp.swift in Sources */ = {isa = PBXBuildFile; fileRef = 1520DC042B63A3B000C9EDAF /* MarketoreApp.swift */; };
		1520DC072B63A3B000C9EDAF /* ContentView.swift in Sources */ = {isa = PBXBuildFile; fileRef = 1520DC062B63A3B000C9EDAF /* ContentView.swift */; };
		1520DC092B63A3B200C9EDAF /* Assets.xcassets in Resources */ = {isa = PBXBuildFile; fileRef = 1520DC082B63A3B200C9EDAF /* Assets.xcassets */; };
		1520DC0C2B63A3B200C9EDAF /* Preview Assets.xcassets in Resources */ = {isa = PBXBuildFile; fileRef = 1520DC0B2B63A3B200C9EDAF /* Preview Assets.xcassets */; };
		1520DC132B651FFE00C9EDAF /* GoogleService-Info.plist in Resources */ = {isa = PBXBuildFile; fileRef = 1520DC122B651FFE00C9EDAF /* GoogleService-Info.plist */; };
		1520DC1D2B652BE600C9EDAF /* AuthenticationView.swift in Sources */ = {isa = PBXBuildFile; fileRef = 1520DC1B2B652BE600C9EDAF /* AuthenticationView.swift */; };
		1520DC1E2B652BE600C9EDAF /* AuthenticationViewModel.swift in Sources */ = {isa = PBXBuildFile; fileRef = 1520DC1C2B652BE600C9EDAF /* AuthenticationViewModel.swift */; };
		1520DC212B652C1F00C9EDAF /* GoogleSignIn in Frameworks */ = {isa = PBXBuildFile; productRef = 1520DC202B652C1F00C9EDAF /* GoogleSignIn */; };
		1520DC232B652C1F00C9EDAF /* GoogleSignInSwift in Frameworks */ = {isa = PBXBuildFile; productRef = 1520DC222B652C1F00C9EDAF /* GoogleSignInSwift */; };
		1520DC262B652C6B00C9EDAF /* FirebaseAnalytics in Frameworks */ = {isa = PBXBuildFile; productRef = 1520DC252B652C6B00C9EDAF /* FirebaseAnalytics */; };
		1520DC282B652C6B00C9EDAF /* FirebaseAnalyticsOnDeviceConversion in Frameworks */ = {isa = PBXBuildFile; productRef = 1520DC272B652C6B00C9EDAF /* FirebaseAnalyticsOnDeviceConversion */; };
		1520DC2A2B652C6B00C9EDAF /* FirebaseAnalyticsSwift in Frameworks */ = {isa = PBXBuildFile; productRef = 1520DC292B652C6B00C9EDAF /* FirebaseAnalyticsSwift */; };
		1520DC2C2B652C6B00C9EDAF /* FirebaseAnalyticsWithoutAdIdSupport in Frameworks */ = {isa = PBXBuildFile; productRef = 1520DC2B2B652C6B00C9EDAF /* FirebaseAnalyticsWithoutAdIdSupport */; };
		1520DC2E2B652C6B00C9EDAF /* FirebaseAppCheck in Frameworks */ = {isa = PBXBuildFile; productRef = 1520DC2D2B652C6B00C9EDAF /* FirebaseAppCheck */; };
		1520DC302B652C6B00C9EDAF /* FirebaseAppDistribution-Beta in Frameworks */ = {isa = PBXBuildFile; productRef = 1520DC2F2B652C6B00C9EDAF /* FirebaseAppDistribution-Beta */; };
		1520DC322B652C6B00C9EDAF /* FirebaseAuth in Frameworks */ = {isa = PBXBuildFile; productRef = 1520DC312B652C6B00C9EDAF /* FirebaseAuth */; };
		1520DC342B652C6B00C9EDAF /* FirebaseAuthCombine-Community in Frameworks */ = {isa = PBXBuildFile; productRef = 1520DC332B652C6B00C9EDAF /* FirebaseAuthCombine-Community */; };
		1520DC362B652C6B00C9EDAF /* FirebaseCrashlytics in Frameworks */ = {isa = PBXBuildFile; productRef = 1520DC352B652C6B00C9EDAF /* FirebaseCrashlytics */; };
		1520DC382B652C6C00C9EDAF /* FirebaseDatabase in Frameworks */ = {isa = PBXBuildFile; productRef = 1520DC372B652C6C00C9EDAF /* FirebaseDatabase */; };
		1520DC3A2B652C6C00C9EDAF /* FirebaseDatabaseSwift in Frameworks */ = {isa = PBXBuildFile; productRef = 1520DC392B652C6C00C9EDAF /* FirebaseDatabaseSwift */; };
		1520DC3C2B652C6C00C9EDAF /* FirebaseDynamicLinks in Frameworks */ = {isa = PBXBuildFile; productRef = 1520DC3B2B652C6C00C9EDAF /* FirebaseDynamicLinks */; };
		1520DC3E2B652C6C00C9EDAF /* FirebaseFirestore in Frameworks */ = {isa = PBXBuildFile; productRef = 1520DC3D2B652C6C00C9EDAF /* FirebaseFirestore */; };
		1520DC402B652C6C00C9EDAF /* FirebaseFirestoreCombine-Community in Frameworks */ = {isa = PBXBuildFile; productRef = 1520DC3F2B652C6C00C9EDAF /* FirebaseFirestoreCombine-Community */; };
		1520DC422B652C6C00C9EDAF /* FirebaseFirestoreSwift in Frameworks */ = {isa = PBXBuildFile; productRef = 1520DC412B652C6C00C9EDAF /* FirebaseFirestoreSwift */; };
		1520DC442B652C6C00C9EDAF /* FirebaseFunctions in Frameworks */ = {isa = PBXBuildFile; productRef = 1520DC432B652C6C00C9EDAF /* FirebaseFunctions */; };
		1520DC462B652C6C00C9EDAF /* FirebaseFunctionsCombine-Community in Frameworks */ = {isa = PBXBuildFile; productRef = 1520DC452B652C6C00C9EDAF /* FirebaseFunctionsCombine-Community */; };
		1520DC482B652C6C00C9EDAF /* FirebaseInAppMessaging-Beta in Frameworks */ = {isa = PBXBuildFile; productRef = 1520DC472B652C6C00C9EDAF /* FirebaseInAppMessaging-Beta */; };
		1520DC4A2B652C6C00C9EDAF /* FirebaseInAppMessagingSwift-Beta in Frameworks */ = {isa = PBXBuildFile; productRef = 1520DC492B652C6C00C9EDAF /* FirebaseInAppMessagingSwift-Beta */; };
		1520DC4C2B652C6C00C9EDAF /* FirebaseInstallations in Frameworks */ = {isa = PBXBuildFile; productRef = 1520DC4B2B652C6C00C9EDAF /* FirebaseInstallations */; };
		1520DC4E2B652C6C00C9EDAF /* FirebaseMLModelDownloader in Frameworks */ = {isa = PBXBuildFile; productRef = 1520DC4D2B652C6C00C9EDAF /* FirebaseMLModelDownloader */; };
		1520DC502B652C6C00C9EDAF /* FirebaseMessaging in Frameworks */ = {isa = PBXBuildFile; productRef = 1520DC4F2B652C6C00C9EDAF /* FirebaseMessaging */; };
		1520DC522B652C6C00C9EDAF /* FirebasePerformance in Frameworks */ = {isa = PBXBuildFile; productRef = 1520DC512B652C6C00C9EDAF /* FirebasePerformance */; };
		1520DC542B652C6C00C9EDAF /* FirebaseRemoteConfig in Frameworks */ = {isa = PBXBuildFile; productRef = 1520DC532B652C6C00C9EDAF /* FirebaseRemoteConfig */; };
		1520DC562B652C6C00C9EDAF /* FirebaseRemoteConfigSwift in Frameworks */ = {isa = PBXBuildFile; productRef = 1520DC552B652C6C00C9EDAF /* FirebaseRemoteConfigSwift */; };
		1520DC582B652C6C00C9EDAF /* FirebaseStorage in Frameworks */ = {isa = PBXBuildFile; productRef = 1520DC572B652C6C00C9EDAF /* FirebaseStorage */; };
		1520DC5A2B652C6C00C9EDAF /* FirebaseStorageCombine-Community in Frameworks */ = {isa = PBXBuildFile; productRef = 1520DC592B652C6C00C9EDAF /* FirebaseStorageCombine-Community */; };
		1520DC5C2B65349D00C9EDAF /* UserModel.swift in Sources */ = {isa = PBXBuildFile; fileRef = 1520DC5B2B65349D00C9EDAF /* UserModel.swift */; };
		1520DC642B65352200C9EDAF /* UserManager.swift in Sources */ = {isa = PBXBuildFile; fileRef = 1520DC5E2B65352200C9EDAF /* UserManager.swift */; };
		1520DC652B65352200C9EDAF /* SignInAppleHelper.swift in Sources */ = {isa = PBXBuildFile; fileRef = 1520DC602B65352200C9EDAF /* SignInAppleHelper.swift */; };
		1520DC662B65352200C9EDAF /* AuthenticationManager.swift in Sources */ = {isa = PBXBuildFile; fileRef = 1520DC612B65352200C9EDAF /* AuthenticationManager.swift */; };
		1520DC672B65352200C9EDAF /* SignInGoogleHelper.swift in Sources */ = {isa = PBXBuildFile; fileRef = 1520DC622B65352200C9EDAF /* SignInGoogleHelper.swift */; };
		1520DC682B65352200C9EDAF /* AuthDataResultModel.swift in Sources */ = {isa = PBXBuildFile; fileRef = 1520DC632B65352200C9EDAF /* AuthDataResultModel.swift */; };
		1520DC6B2B65355300C9EDAF /* AppError.swift in Sources */ = {isa = PBXBuildFile; fileRef = 1520DC6A2B65355300C9EDAF /* AppError.swift */; };
		1520DC6D2B6536F500C9EDAF /* RootView.swift in Sources */ = {isa = PBXBuildFile; fileRef = 1520DC6C2B6536F400C9EDAF /* RootView.swift */; };
		1520DC702B65391A00C9EDAF /* SocialMediaButton.swift in Sources */ = {isa = PBXBuildFile; fileRef = 1520DC6F2B65391A00C9EDAF /* SocialMediaButton.swift */; };
		15469F372BB2E5B4005A630E /* ImagePicker.swift in Sources */ = {isa = PBXBuildFile; fileRef = 15469F362BB2E5B4005A630E /* ImagePicker.swift */; };
		15595EB12B9DBFF500B0D5DF /* AccountCellDetailView.swift in Sources */ = {isa = PBXBuildFile; fileRef = 15595EB02B9DBFF400B0D5DF /* AccountCellDetailView.swift */; };
		15595EB52B9DC01B00B0D5DF /* CellView.swift in Sources */ = {isa = PBXBuildFile; fileRef = 15595EB42B9DC01B00B0D5DF /* CellView.swift */; };
		1563165F2BAC35F000F990E8 /* MarketCellDetailView.swift in Sources */ = {isa = PBXBuildFile; fileRef = 1563165E2BAC35F000F990E8 /* MarketCellDetailView.swift */; };
		156316612BAC379F00F990E8 /* MarketNavigation.swift in Sources */ = {isa = PBXBuildFile; fileRef = 156316602BAC379F00F990E8 /* MarketNavigation.swift */; };
		15893D412B66CD28006BD88C /* TabBarView.swift in Sources */ = {isa = PBXBuildFile; fileRef = 15893D3F2B66CD28006BD88C /* TabBarView.swift */; };
		15893D422B66CD28006BD88C /* TabBar.swift in Sources */ = {isa = PBXBuildFile; fileRef = 15893D402B66CD28006BD88C /* TabBar.swift */; };
		15893D472B66D047006BD88C /* MarketViewModel.swift in Sources */ = {isa = PBXBuildFile; fileRef = 15893D462B66D047006BD88C /* MarketViewModel.swift */; };
		15893D492B66D056006BD88C /* MarketView.swift in Sources */ = {isa = PBXBuildFile; fileRef = 15893D482B66D056006BD88C /* MarketView.swift */; };
		15893D4B2B66D065006BD88C /* AccountView.swift in Sources */ = {isa = PBXBuildFile; fileRef = 15893D4A2B66D065006BD88C /* AccountView.swift */; };
		15893D4D2B66D070006BD88C /* AccountViewModel.swift in Sources */ = {isa = PBXBuildFile; fileRef = 15893D4C2B66D070006BD88C /* AccountViewModel.swift */; };
		15893D4F2B66D07C006BD88C /* SettingsViewModel.swift in Sources */ = {isa = PBXBuildFile; fileRef = 15893D4E2B66D07C006BD88C /* SettingsViewModel.swift */; };
		15893D532B66D10E006BD88C /* SettingsView.swift in Sources */ = {isa = PBXBuildFile; fileRef = 15893D522B66D10E006BD88C /* SettingsView.swift */; };
		15893D572B66D68C006BD88C /* AppColor.swift in Sources */ = {isa = PBXBuildFile; fileRef = 15893D562B66D68C006BD88C /* AppColor.swift */; };
		15893D592B66F7C5006BD88C /* ViewOffsetKey.swift in Sources */ = {isa = PBXBuildFile; fileRef = 15893D582B66F7C5006BD88C /* ViewOffsetKey.swift */; };
		1594A5132BBB087E0056B9B2 /* Kingfisher in Frameworks */ = {isa = PBXBuildFile; productRef = 1594A5122BBB087E0056B9B2 /* Kingfisher */; };
		1599A4722B751ACF004B76F6 /* SubcategoryViewModel.swift in Sources */ = {isa = PBXBuildFile; fileRef = 1599A4712B751ACF004B76F6 /* SubcategoryViewModel.swift */; };
		1599A4742B751ADA004B76F6 /* SubcategoryView.swift in Sources */ = {isa = PBXBuildFile; fileRef = 1599A4732B751ADA004B76F6 /* SubcategoryView.swift */; };
		159ED9BF2BA3777400E6D57D /* FilterOption.swift in Sources */ = {isa = PBXBuildFile; fileRef = 159ED9BE2BA3777400E6D57D /* FilterOption.swift */; };
		15AF5FD82B83F762007173AF /* UserDefaultsHelper.swift in Sources */ = {isa = PBXBuildFile; fileRef = 15AF5FD72B83F762007173AF /* UserDefaultsHelper.swift */; };
		15AF5FDC2B867422007173AF /* Product.swift in Sources */ = {isa = PBXBuildFile; fileRef = 15AF5FDB2B867422007173AF /* Product.swift */; };
		15AF5FDE2B8676C7007173AF /* UserDefaultsProtocols.swift in Sources */ = {isa = PBXBuildFile; fileRef = 15AF5FDD2B8676C7007173AF /* UserDefaultsProtocols.swift */; };
		15B6E8062B98A37A00627D3F /* ProductManager.swift in Sources */ = {isa = PBXBuildFile; fileRef = 15B6E8052B98A37A00627D3F /* ProductManager.swift */; };
		15C05B7D2B77B5B400D7EE77 /* ProductInfoViewModel.swift in Sources */ = {isa = PBXBuildFile; fileRef = 15C05B7C2B77B5B400D7EE77 /* ProductInfoViewModel.swift */; };
		15C05B7F2B77B5C200D7EE77 /* ProductInfoView.swift in Sources */ = {isa = PBXBuildFile; fileRef = 15C05B7E2B77B5C200D7EE77 /* ProductInfoView.swift */; };
		15E0DC3E2BBD5C5D005DA5CA /* Bookmark.swift in Sources */ = {isa = PBXBuildFile; fileRef = 15E0DC3D2BBD5C5D005DA5CA /* Bookmark.swift */; };
		15E0DC402BBD61A8005DA5CA /* BookmarkManager.swift in Sources */ = {isa = PBXBuildFile; fileRef = 15E0DC3F2BBD61A8005DA5CA /* BookmarkManager.swift */; };
		15F32FE42B8B9BB000A153AD /* InputField.swift in Sources */ = {isa = PBXBuildFile; fileRef = 15F32FE32B8B9BB000A153AD /* InputField.swift */; };
		15F32FEE2B8FBE4700A153AD /* MarketoreTests.swift in Sources */ = {isa = PBXBuildFile; fileRef = 15F32FED2B8FBE4700A153AD /* MarketoreTests.swift */; };
		15FE37A92B6BBE1D00E8E2BF /* CategoryView.swift in Sources */ = {isa = PBXBuildFile; fileRef = 15FE37A82B6BBE1D00E8E2BF /* CategoryView.swift */; };
		15FE37AB2B6BBE2700E8E2BF /* CategoryViewModel.swift in Sources */ = {isa = PBXBuildFile; fileRef = 15FE37AA2B6BBE2700E8E2BF /* CategoryViewModel.swift */; };
		15FE37AD2B6BC19400E8E2BF /* TagLayout.swift in Sources */ = {isa = PBXBuildFile; fileRef = 15FE37AC2B6BC19300E8E2BF /* TagLayout.swift */; };
		15FE37AF2B6BEA6300E8E2BF /* ProductCategories.swift in Sources */ = {isa = PBXBuildFile; fileRef = 15FE37AE2B6BEA6300E8E2BF /* ProductCategories.swift */; };
		15FE71732BBABB070006D1C9 /* BookmarksView.swift in Sources */ = {isa = PBXBuildFile; fileRef = 15FE71722BBABB070006D1C9 /* BookmarksView.swift */; };
		15FE71752BBABB120006D1C9 /* BookmarksViewModel.swift in Sources */ = {isa = PBXBuildFile; fileRef = 15FE71742BBABB120006D1C9 /* BookmarksViewModel.swift */; };
/* End PBXBuildFile section */

/* Begin PBXContainerItemProxy section */
		15F32FEF2B8FBE4700A153AD /* PBXContainerItemProxy */ = {
			isa = PBXContainerItemProxy;
			containerPortal = 1520DBF92B63A3B000C9EDAF /* Project object */;
			proxyType = 1;
			remoteGlobalIDString = 1520DC002B63A3B000C9EDAF;
			remoteInfo = Marketore;
		};
/* End PBXContainerItemProxy section */

/* Begin PBXFileReference section */
		1503FC532B9355BD0074B6BB /* AccountNavigation.swift */ = {isa = PBXFileReference; lastKnownFileType = sourcecode.swift; path = AccountNavigation.swift; sourceTree = "<group>"; };
		1503FC562B95CAFE0074B6BB /* SnackBar.swift */ = {isa = PBXFileReference; lastKnownFileType = sourcecode.swift; path = SnackBar.swift; sourceTree = "<group>"; };
		1520DC012B63A3B000C9EDAF /* Marketore.app */ = {isa = PBXFileReference; explicitFileType = wrapper.application; includeInIndex = 0; path = Marketore.app; sourceTree = BUILT_PRODUCTS_DIR; };
		1520DC042B63A3B000C9EDAF /* MarketoreApp.swift */ = {isa = PBXFileReference; lastKnownFileType = sourcecode.swift; path = MarketoreApp.swift; sourceTree = "<group>"; };
		1520DC062B63A3B000C9EDAF /* ContentView.swift */ = {isa = PBXFileReference; lastKnownFileType = sourcecode.swift; path = ContentView.swift; sourceTree = "<group>"; };
		1520DC082B63A3B200C9EDAF /* Assets.xcassets */ = {isa = PBXFileReference; lastKnownFileType = folder.assetcatalog; path = Assets.xcassets; sourceTree = "<group>"; };
		1520DC0B2B63A3B200C9EDAF /* Preview Assets.xcassets */ = {isa = PBXFileReference; lastKnownFileType = folder.assetcatalog; path = "Preview Assets.xcassets"; sourceTree = "<group>"; };
		1520DC122B651FFE00C9EDAF /* GoogleService-Info.plist */ = {isa = PBXFileReference; fileEncoding = 4; lastKnownFileType = text.plist.xml; path = "GoogleService-Info.plist"; sourceTree = "<group>"; };
		1520DC142B65203500C9EDAF /* Info.plist */ = {isa = PBXFileReference; lastKnownFileType = text.plist.xml; path = Info.plist; sourceTree = "<group>"; };
		1520DC1B2B652BE600C9EDAF /* AuthenticationView.swift */ = {isa = PBXFileReference; fileEncoding = 4; lastKnownFileType = sourcecode.swift; path = AuthenticationView.swift; sourceTree = "<group>"; };
		1520DC1C2B652BE600C9EDAF /* AuthenticationViewModel.swift */ = {isa = PBXFileReference; fileEncoding = 4; lastKnownFileType = sourcecode.swift; path = AuthenticationViewModel.swift; sourceTree = "<group>"; };
		1520DC5B2B65349D00C9EDAF /* UserModel.swift */ = {isa = PBXFileReference; fileEncoding = 4; lastKnownFileType = sourcecode.swift; path = UserModel.swift; sourceTree = "<group>"; };
		1520DC5E2B65352200C9EDAF /* UserManager.swift */ = {isa = PBXFileReference; fileEncoding = 4; lastKnownFileType = sourcecode.swift; path = UserManager.swift; sourceTree = "<group>"; };
		1520DC602B65352200C9EDAF /* SignInAppleHelper.swift */ = {isa = PBXFileReference; fileEncoding = 4; lastKnownFileType = sourcecode.swift; path = SignInAppleHelper.swift; sourceTree = "<group>"; };
		1520DC612B65352200C9EDAF /* AuthenticationManager.swift */ = {isa = PBXFileReference; fileEncoding = 4; lastKnownFileType = sourcecode.swift; path = AuthenticationManager.swift; sourceTree = "<group>"; };
		1520DC622B65352200C9EDAF /* SignInGoogleHelper.swift */ = {isa = PBXFileReference; fileEncoding = 4; lastKnownFileType = sourcecode.swift; path = SignInGoogleHelper.swift; sourceTree = "<group>"; };
		1520DC632B65352200C9EDAF /* AuthDataResultModel.swift */ = {isa = PBXFileReference; fileEncoding = 4; lastKnownFileType = sourcecode.swift; path = AuthDataResultModel.swift; sourceTree = "<group>"; };
		1520DC6A2B65355300C9EDAF /* AppError.swift */ = {isa = PBXFileReference; fileEncoding = 4; lastKnownFileType = sourcecode.swift; path = AppError.swift; sourceTree = "<group>"; };
		1520DC6C2B6536F400C9EDAF /* RootView.swift */ = {isa = PBXFileReference; fileEncoding = 4; lastKnownFileType = sourcecode.swift; path = RootView.swift; sourceTree = "<group>"; };
		1520DC6F2B65391A00C9EDAF /* SocialMediaButton.swift */ = {isa = PBXFileReference; fileEncoding = 4; lastKnownFileType = sourcecode.swift; path = SocialMediaButton.swift; sourceTree = "<group>"; };
		15469F362BB2E5B4005A630E /* ImagePicker.swift */ = {isa = PBXFileReference; lastKnownFileType = sourcecode.swift; path = ImagePicker.swift; sourceTree = "<group>"; };
		15595EB02B9DBFF400B0D5DF /* AccountCellDetailView.swift */ = {isa = PBXFileReference; lastKnownFileType = sourcecode.swift; path = AccountCellDetailView.swift; sourceTree = "<group>"; };
		15595EB42B9DC01B00B0D5DF /* CellView.swift */ = {isa = PBXFileReference; lastKnownFileType = sourcecode.swift; path = CellView.swift; sourceTree = "<group>"; };
		1563165E2BAC35F000F990E8 /* MarketCellDetailView.swift */ = {isa = PBXFileReference; lastKnownFileType = sourcecode.swift; path = MarketCellDetailView.swift; sourceTree = "<group>"; };
		156316602BAC379F00F990E8 /* MarketNavigation.swift */ = {isa = PBXFileReference; lastKnownFileType = sourcecode.swift; path = MarketNavigation.swift; sourceTree = "<group>"; };
		15893D3F2B66CD28006BD88C /* TabBarView.swift */ = {isa = PBXFileReference; fileEncoding = 4; lastKnownFileType = sourcecode.swift; path = TabBarView.swift; sourceTree = "<group>"; };
		15893D402B66CD28006BD88C /* TabBar.swift */ = {isa = PBXFileReference; fileEncoding = 4; lastKnownFileType = sourcecode.swift; path = TabBar.swift; sourceTree = "<group>"; };
		15893D462B66D047006BD88C /* MarketViewModel.swift */ = {isa = PBXFileReference; lastKnownFileType = sourcecode.swift; path = MarketViewModel.swift; sourceTree = "<group>"; };
		15893D482B66D056006BD88C /* MarketView.swift */ = {isa = PBXFileReference; lastKnownFileType = sourcecode.swift; path = MarketView.swift; sourceTree = "<group>"; };
		15893D4A2B66D065006BD88C /* AccountView.swift */ = {isa = PBXFileReference; lastKnownFileType = sourcecode.swift; path = AccountView.swift; sourceTree = "<group>"; };
		15893D4C2B66D070006BD88C /* AccountViewModel.swift */ = {isa = PBXFileReference; lastKnownFileType = sourcecode.swift; path = AccountViewModel.swift; sourceTree = "<group>"; };
		15893D4E2B66D07C006BD88C /* SettingsViewModel.swift */ = {isa = PBXFileReference; lastKnownFileType = sourcecode.swift; path = SettingsViewModel.swift; sourceTree = "<group>"; };
		15893D522B66D10E006BD88C /* SettingsView.swift */ = {isa = PBXFileReference; lastKnownFileType = sourcecode.swift; path = SettingsView.swift; sourceTree = "<group>"; };
		15893D562B66D68C006BD88C /* AppColor.swift */ = {isa = PBXFileReference; lastKnownFileType = sourcecode.swift; path = AppColor.swift; sourceTree = "<group>"; };
		15893D582B66F7C5006BD88C /* ViewOffsetKey.swift */ = {isa = PBXFileReference; fileEncoding = 4; lastKnownFileType = sourcecode.swift; path = ViewOffsetKey.swift; sourceTree = "<group>"; };
		1599A4712B751ACF004B76F6 /* SubcategoryViewModel.swift */ = {isa = PBXFileReference; lastKnownFileType = sourcecode.swift; path = SubcategoryViewModel.swift; sourceTree = "<group>"; };
		1599A4732B751ADA004B76F6 /* SubcategoryView.swift */ = {isa = PBXFileReference; lastKnownFileType = sourcecode.swift; path = SubcategoryView.swift; sourceTree = "<group>"; };
		159ED9BE2BA3777400E6D57D /* FilterOption.swift */ = {isa = PBXFileReference; lastKnownFileType = sourcecode.swift; path = FilterOption.swift; sourceTree = "<group>"; };
		15AF5FD72B83F762007173AF /* UserDefaultsHelper.swift */ = {isa = PBXFileReference; lastKnownFileType = sourcecode.swift; path = UserDefaultsHelper.swift; sourceTree = "<group>"; };
		15AF5FDB2B867422007173AF /* Product.swift */ = {isa = PBXFileReference; lastKnownFileType = sourcecode.swift; path = Product.swift; sourceTree = "<group>"; };
		15AF5FDD2B8676C7007173AF /* UserDefaultsProtocols.swift */ = {isa = PBXFileReference; lastKnownFileType = sourcecode.swift; path = UserDefaultsProtocols.swift; sourceTree = "<group>"; };
		15B6E8052B98A37A00627D3F /* ProductManager.swift */ = {isa = PBXFileReference; lastKnownFileType = sourcecode.swift; path = ProductManager.swift; sourceTree = "<group>"; };
		15C05B7C2B77B5B400D7EE77 /* ProductInfoViewModel.swift */ = {isa = PBXFileReference; lastKnownFileType = sourcecode.swift; path = ProductInfoViewModel.swift; sourceTree = "<group>"; };
		15C05B7E2B77B5C200D7EE77 /* ProductInfoView.swift */ = {isa = PBXFileReference; lastKnownFileType = sourcecode.swift; path = ProductInfoView.swift; sourceTree = "<group>"; };
		15E0DC3D2BBD5C5D005DA5CA /* Bookmark.swift */ = {isa = PBXFileReference; lastKnownFileType = sourcecode.swift; path = Bookmark.swift; sourceTree = "<group>"; };
		15E0DC3F2BBD61A8005DA5CA /* BookmarkManager.swift */ = {isa = PBXFileReference; lastKnownFileType = sourcecode.swift; path = BookmarkManager.swift; sourceTree = "<group>"; };
		15F32FE32B8B9BB000A153AD /* InputField.swift */ = {isa = PBXFileReference; lastKnownFileType = sourcecode.swift; path = InputField.swift; sourceTree = "<group>"; };
		15F32FEB2B8FBE4600A153AD /* MarketoreTests.xctest */ = {isa = PBXFileReference; explicitFileType = wrapper.cfbundle; includeInIndex = 0; path = MarketoreTests.xctest; sourceTree = BUILT_PRODUCTS_DIR; };
		15F32FED2B8FBE4700A153AD /* MarketoreTests.swift */ = {isa = PBXFileReference; lastKnownFileType = sourcecode.swift; path = MarketoreTests.swift; sourceTree = "<group>"; };
		15FE37A82B6BBE1D00E8E2BF /* CategoryView.swift */ = {isa = PBXFileReference; lastKnownFileType = sourcecode.swift; path = CategoryView.swift; sourceTree = "<group>"; };
		15FE37AA2B6BBE2700E8E2BF /* CategoryViewModel.swift */ = {isa = PBXFileReference; lastKnownFileType = sourcecode.swift; path = CategoryViewModel.swift; sourceTree = "<group>"; };
		15FE37AC2B6BC19300E8E2BF /* TagLayout.swift */ = {isa = PBXFileReference; fileEncoding = 4; lastKnownFileType = sourcecode.swift; path = TagLayout.swift; sourceTree = "<group>"; };
		15FE37AE2B6BEA6300E8E2BF /* ProductCategories.swift */ = {isa = PBXFileReference; lastKnownFileType = sourcecode.swift; path = ProductCategories.swift; sourceTree = "<group>"; };
		15FE71722BBABB070006D1C9 /* BookmarksView.swift */ = {isa = PBXFileReference; lastKnownFileType = sourcecode.swift; path = BookmarksView.swift; sourceTree = "<group>"; };
		15FE71742BBABB120006D1C9 /* BookmarksViewModel.swift */ = {isa = PBXFileReference; lastKnownFileType = sourcecode.swift; path = BookmarksViewModel.swift; sourceTree = "<group>"; };
/* End PBXFileReference section */

/* Begin PBXFrameworksBuildPhase section */
		1520DBFE2B63A3B000C9EDAF /* Frameworks */ = {
			isa = PBXFrameworksBuildPhase;
			buildActionMask = 2147483647;
			files = (
				1520DC502B652C6C00C9EDAF /* FirebaseMessaging in Frameworks */,
				1520DC212B652C1F00C9EDAF /* GoogleSignIn in Frameworks */,
				1520DC422B652C6C00C9EDAF /* FirebaseFirestoreSwift in Frameworks */,
				1520DC2C2B652C6B00C9EDAF /* FirebaseAnalyticsWithoutAdIdSupport in Frameworks */,
				1520DC442B652C6C00C9EDAF /* FirebaseFunctions in Frameworks */,
				1520DC232B652C1F00C9EDAF /* GoogleSignInSwift in Frameworks */,
				1520DC262B652C6B00C9EDAF /* FirebaseAnalytics in Frameworks */,
				1520DC322B652C6B00C9EDAF /* FirebaseAuth in Frameworks */,
				1520DC3C2B652C6C00C9EDAF /* FirebaseDynamicLinks in Frameworks */,
				1520DC362B652C6B00C9EDAF /* FirebaseCrashlytics in Frameworks */,
				1520DC4E2B652C6C00C9EDAF /* FirebaseMLModelDownloader in Frameworks */,
				1520DC3A2B652C6C00C9EDAF /* FirebaseDatabaseSwift in Frameworks */,
				1520DC3E2B652C6C00C9EDAF /* FirebaseFirestore in Frameworks */,
				1520DC4C2B652C6C00C9EDAF /* FirebaseInstallations in Frameworks */,
				1520DC462B652C6C00C9EDAF /* FirebaseFunctionsCombine-Community in Frameworks */,
				1520DC402B652C6C00C9EDAF /* FirebaseFirestoreCombine-Community in Frameworks */,
				1520DC382B652C6C00C9EDAF /* FirebaseDatabase in Frameworks */,
				1520DC522B652C6C00C9EDAF /* FirebasePerformance in Frameworks */,
				1520DC2E2B652C6B00C9EDAF /* FirebaseAppCheck in Frameworks */,
				1520DC282B652C6B00C9EDAF /* FirebaseAnalyticsOnDeviceConversion in Frameworks */,
				1520DC4A2B652C6C00C9EDAF /* FirebaseInAppMessagingSwift-Beta in Frameworks */,
				1520DC562B652C6C00C9EDAF /* FirebaseRemoteConfigSwift in Frameworks */,
				1520DC2A2B652C6B00C9EDAF /* FirebaseAnalyticsSwift in Frameworks */,
				1520DC302B652C6B00C9EDAF /* FirebaseAppDistribution-Beta in Frameworks */,
				1594A5132BBB087E0056B9B2 /* Kingfisher in Frameworks */,
				1520DC542B652C6C00C9EDAF /* FirebaseRemoteConfig in Frameworks */,
				1520DC582B652C6C00C9EDAF /* FirebaseStorage in Frameworks */,
				1520DC342B652C6B00C9EDAF /* FirebaseAuthCombine-Community in Frameworks */,
				1520DC5A2B652C6C00C9EDAF /* FirebaseStorageCombine-Community in Frameworks */,
				1520DC482B652C6C00C9EDAF /* FirebaseInAppMessaging-Beta in Frameworks */,
			);
			runOnlyForDeploymentPostprocessing = 0;
		};
		15F32FE82B8FBE4600A153AD /* Frameworks */ = {
			isa = PBXFrameworksBuildPhase;
			buildActionMask = 2147483647;
			files = (
			);
			runOnlyForDeploymentPostprocessing = 0;
		};
/* End PBXFrameworksBuildPhase section */

/* Begin PBXGroup section */
		1503FC552B9355C10074B6BB /* Navigation */ = {
			isa = PBXGroup;
			children = (
				1503FC532B9355BD0074B6BB /* AccountNavigation.swift */,
				156316602BAC379F00F990E8 /* MarketNavigation.swift */,
			);
			path = Navigation;
			sourceTree = "<group>";
		};
		1520DBF82B63A3B000C9EDAF = {
			isa = PBXGroup;
			children = (
				1520DC032B63A3B000C9EDAF /* Marketore */,
				15F32FEC2B8FBE4700A153AD /* MarketoreTests */,
				1520DC022B63A3B000C9EDAF /* Products */,
			);
			sourceTree = "<group>";
		};
		1520DC022B63A3B000C9EDAF /* Products */ = {
			isa = PBXGroup;
			children = (
				1520DC012B63A3B000C9EDAF /* Marketore.app */,
				15F32FEB2B8FBE4600A153AD /* MarketoreTests.xctest */,
			);
			name = Products;
			sourceTree = "<group>";
		};
		1520DC032B63A3B000C9EDAF /* Marketore */ = {
			isa = PBXGroup;
			children = (
				1520DC122B651FFE00C9EDAF /* GoogleService-Info.plist */,
				1520DC142B65203500C9EDAF /* Info.plist */,
				1520DC042B63A3B000C9EDAF /* MarketoreApp.swift */,
				1520DC062B63A3B000C9EDAF /* ContentView.swift */,
				1520DC162B652A2F00C9EDAF /* Screens */,
				1520DC172B652A3800C9EDAF /* Models */,
				1520DC182B652A4700C9EDAF /* Services */,
				1520DC192B652A5500C9EDAF /* Shared */,
				1520DC082B63A3B200C9EDAF /* Assets.xcassets */,
				1520DC0A2B63A3B200C9EDAF /* Preview Content */,
			);
			path = Marketore;
			sourceTree = "<group>";
		};
		1520DC0A2B63A3B200C9EDAF /* Preview Content */ = {
			isa = PBXGroup;
			children = (
				1520DC0B2B63A3B200C9EDAF /* Preview Assets.xcassets */,
			);
			path = "Preview Content";
			sourceTree = "<group>";
		};
		1520DC162B652A2F00C9EDAF /* Screens */ = {
			isa = PBXGroup;
			children = (
				1520DC6C2B6536F400C9EDAF /* RootView.swift */,
				15893D3E2B66CD14006BD88C /* TabBar */,
				1520DC1A2B652BE600C9EDAF /* Authentication */,
				15893D432B66CFAF006BD88C /* Market */,
				15893D442B66CFB7006BD88C /* Account */,
				15893D452B66D027006BD88C /* Settings */,
			);
			path = Screens;
			sourceTree = "<group>";
		};
		1520DC172B652A3800C9EDAF /* Models */ = {
			isa = PBXGroup;
			children = (
				1520DC5B2B65349D00C9EDAF /* UserModel.swift */,
				15AF5FDB2B867422007173AF /* Product.swift */,
				15E0DC3D2BBD5C5D005DA5CA /* Bookmark.swift */,
			);
			path = Models;
			sourceTree = "<group>";
		};
		1520DC182B652A4700C9EDAF /* Services */ = {
			isa = PBXGroup;
			children = (
				15AF5FD72B83F762007173AF /* UserDefaultsHelper.swift */,
				1520DC5D2B65352200C9EDAF /* Firestore */,
			);
			path = Services;
			sourceTree = "<group>";
		};
		1520DC192B652A5500C9EDAF /* Shared */ = {
			isa = PBXGroup;
			children = (
				1599A4782B76D099004B76F6 /* Extensions */,
				1599A4752B751AF8004B76F6 /* Protocols */,
				15893D542B66D66C006BD88C /* Enums */,
				1520DC6E2B65390D00C9EDAF /* ViewModifiers */,
			);
			path = Shared;
			sourceTree = "<group>";
		};
		1520DC1A2B652BE600C9EDAF /* Authentication */ = {
			isa = PBXGroup;
			children = (
				1520DC1B2B652BE600C9EDAF /* AuthenticationView.swift */,
				1520DC1C2B652BE600C9EDAF /* AuthenticationViewModel.swift */,
			);
			path = Authentication;
			sourceTree = "<group>";
		};
		1520DC5D2B65352200C9EDAF /* Firestore */ = {
			isa = PBXGroup;
			children = (
				1520DC5E2B65352200C9EDAF /* UserManager.swift */,
				15B6E8052B98A37A00627D3F /* ProductManager.swift */,
				15E0DC3F2BBD61A8005DA5CA /* BookmarkManager.swift */,
				1520DC5F2B65352200C9EDAF /* Authentication */,
			);
			path = Firestore;
			sourceTree = "<group>";
		};
		1520DC5F2B65352200C9EDAF /* Authentication */ = {
			isa = PBXGroup;
			children = (
				1520DC602B65352200C9EDAF /* SignInAppleHelper.swift */,
				1520DC612B65352200C9EDAF /* AuthenticationManager.swift */,
				1520DC622B65352200C9EDAF /* SignInGoogleHelper.swift */,
				1520DC632B65352200C9EDAF /* AuthDataResultModel.swift */,
			);
			path = Authentication;
			sourceTree = "<group>";
		};
		1520DC692B65355300C9EDAF /* AppErrors */ = {
			isa = PBXGroup;
			children = (
				1520DC6A2B65355300C9EDAF /* AppError.swift */,
			);
			path = AppErrors;
			sourceTree = "<group>";
		};
		1520DC6E2B65390D00C9EDAF /* ViewModifiers */ = {
			isa = PBXGroup;
			children = (
				15595EAF2B9DBFC800B0D5DF /* Cell */,
				15FE37AC2B6BC19300E8E2BF /* TagLayout.swift */,
				1520DC6F2B65391A00C9EDAF /* SocialMediaButton.swift */,
				15893D582B66F7C5006BD88C /* ViewOffsetKey.swift */,
				15F32FE32B8B9BB000A153AD /* InputField.swift */,
				1503FC562B95CAFE0074B6BB /* SnackBar.swift */,
				15469F362BB2E5B4005A630E /* ImagePicker.swift */,
			);
			path = ViewModifiers;
			sourceTree = "<group>";
		};
		15595EAF2B9DBFC800B0D5DF /* Cell */ = {
			isa = PBXGroup;
			children = (
				15595EB42B9DC01B00B0D5DF /* CellView.swift */,
				1563165E2BAC35F000F990E8 /* MarketCellDetailView.swift */,
				15595EB02B9DBFF400B0D5DF /* AccountCellDetailView.swift */,
			);
			path = Cell;
			sourceTree = "<group>";
		};
		15893D3E2B66CD14006BD88C /* TabBar */ = {
			isa = PBXGroup;
			children = (
				15893D402B66CD28006BD88C /* TabBar.swift */,
				15893D3F2B66CD28006BD88C /* TabBarView.swift */,
			);
			path = TabBar;
			sourceTree = "<group>";
		};
		15893D432B66CFAF006BD88C /* Market */ = {
			isa = PBXGroup;
			children = (
				15893D482B66D056006BD88C /* MarketView.swift */,
				15893D462B66D047006BD88C /* MarketViewModel.swift */,
			);
			path = Market;
			sourceTree = "<group>";
		};
		15893D442B66CFB7006BD88C /* Account */ = {
			isa = PBXGroup;
			children = (
				15893D4A2B66D065006BD88C /* AccountView.swift */,
				15893D4C2B66D070006BD88C /* AccountViewModel.swift */,
				15FE71712BBABA810006D1C9 /* Bookmarks */,
				15FE37A52B6BBDDB00E8E2BF /* Add product and category */,
			);
			path = Account;
			sourceTree = "<group>";
		};
		15893D452B66D027006BD88C /* Settings */ = {
			isa = PBXGroup;
			children = (
				15893D522B66D10E006BD88C /* SettingsView.swift */,
				15893D4E2B66D07C006BD88C /* SettingsViewModel.swift */,
			);
			path = Settings;
			sourceTree = "<group>";
		};
		15893D542B66D66C006BD88C /* Enums */ = {
			isa = PBXGroup;
			children = (
				1520DC692B65355300C9EDAF /* AppErrors */,
				15FE37AE2B6BEA6300E8E2BF /* ProductCategories.swift */,
				15893D562B66D68C006BD88C /* AppColor.swift */,
				159ED9BE2BA3777400E6D57D /* FilterOption.swift */,
				1503FC552B9355C10074B6BB /* Navigation */,
			);
			path = Enums;
			sourceTree = "<group>";
		};
		1599A4752B751AF8004B76F6 /* Protocols */ = {
			isa = PBXGroup;
			children = (
				15AF5FDD2B8676C7007173AF /* UserDefaultsProtocols.swift */,
			);
			path = Protocols;
			sourceTree = "<group>";
		};
		1599A4782B76D099004B76F6 /* Extensions */ = {
			isa = PBXGroup;
			children = (
			);
			path = Extensions;
			sourceTree = "<group>";
		};
		1599A47B2B76D118004B76F6 /* Category */ = {
			isa = PBXGroup;
			children = (
				15FE37A82B6BBE1D00E8E2BF /* CategoryView.swift */,
				15FE37AA2B6BBE2700E8E2BF /* CategoryViewModel.swift */,
			);
			path = Category;
			sourceTree = "<group>";
		};
		1599A47C2B76D128004B76F6 /* Subcategory */ = {
			isa = PBXGroup;
			children = (
				1599A4732B751ADA004B76F6 /* SubcategoryView.swift */,
				1599A4712B751ACF004B76F6 /* SubcategoryViewModel.swift */,
			);
			path = Subcategory;
			sourceTree = "<group>";
		};
		15C05B792B77B59000D7EE77 /* Product info */ = {
			isa = PBXGroup;
			children = (
				15C05B7E2B77B5C200D7EE77 /* ProductInfoView.swift */,
				15C05B7C2B77B5B400D7EE77 /* ProductInfoViewModel.swift */,
			);
			path = "Product info";
			sourceTree = "<group>";
		};
		15F32FEC2B8FBE4700A153AD /* MarketoreTests */ = {
			isa = PBXGroup;
			children = (
				15F32FED2B8FBE4700A153AD /* MarketoreTests.swift */,
			);
			path = MarketoreTests;
			sourceTree = "<group>";
		};
		15FE37A52B6BBDDB00E8E2BF /* Add product and category */ = {
			isa = PBXGroup;
			children = (
				1599A47B2B76D118004B76F6 /* Category */,
				1599A47C2B76D128004B76F6 /* Subcategory */,
				15C05B792B77B59000D7EE77 /* Product info */,
			);
			path = "Add product and category";
			sourceTree = "<group>";
		};
		15FE71712BBABA810006D1C9 /* Bookmarks */ = {
			isa = PBXGroup;
			children = (
				15FE71722BBABB070006D1C9 /* BookmarksView.swift */,
				15FE71742BBABB120006D1C9 /* BookmarksViewModel.swift */,
			);
			path = Bookmarks;
			sourceTree = "<group>";
		};
/* End PBXGroup section */

/* Begin PBXNativeTarget section */
		1520DC002B63A3B000C9EDAF /* Marketore */ = {
			isa = PBXNativeTarget;
			buildConfigurationList = 1520DC0F2B63A3B200C9EDAF /* Build configuration list for PBXNativeTarget "Marketore" */;
			buildPhases = (
				1520DBFD2B63A3B000C9EDAF /* Sources */,
				1520DBFE2B63A3B000C9EDAF /* Frameworks */,
				1520DBFF2B63A3B000C9EDAF /* Resources */,
			);
			buildRules = (
			);
			dependencies = (
			);
			name = Marketore;
			packageProductDependencies = (
				1520DC202B652C1F00C9EDAF /* GoogleSignIn */,
				1520DC222B652C1F00C9EDAF /* GoogleSignInSwift */,
				1520DC252B652C6B00C9EDAF /* FirebaseAnalytics */,
				1520DC272B652C6B00C9EDAF /* FirebaseAnalyticsOnDeviceConversion */,
				1520DC292B652C6B00C9EDAF /* FirebaseAnalyticsSwift */,
				1520DC2B2B652C6B00C9EDAF /* FirebaseAnalyticsWithoutAdIdSupport */,
				1520DC2D2B652C6B00C9EDAF /* FirebaseAppCheck */,
				1520DC2F2B652C6B00C9EDAF /* FirebaseAppDistribution-Beta */,
				1520DC312B652C6B00C9EDAF /* FirebaseAuth */,
				1520DC332B652C6B00C9EDAF /* FirebaseAuthCombine-Community */,
				1520DC352B652C6B00C9EDAF /* FirebaseCrashlytics */,
				1520DC372B652C6C00C9EDAF /* FirebaseDatabase */,
				1520DC392B652C6C00C9EDAF /* FirebaseDatabaseSwift */,
				1520DC3B2B652C6C00C9EDAF /* FirebaseDynamicLinks */,
				1520DC3D2B652C6C00C9EDAF /* FirebaseFirestore */,
				1520DC3F2B652C6C00C9EDAF /* FirebaseFirestoreCombine-Community */,
				1520DC412B652C6C00C9EDAF /* FirebaseFirestoreSwift */,
				1520DC432B652C6C00C9EDAF /* FirebaseFunctions */,
				1520DC452B652C6C00C9EDAF /* FirebaseFunctionsCombine-Community */,
				1520DC472B652C6C00C9EDAF /* FirebaseInAppMessaging-Beta */,
				1520DC492B652C6C00C9EDAF /* FirebaseInAppMessagingSwift-Beta */,
				1520DC4B2B652C6C00C9EDAF /* FirebaseInstallations */,
				1520DC4D2B652C6C00C9EDAF /* FirebaseMLModelDownloader */,
				1520DC4F2B652C6C00C9EDAF /* FirebaseMessaging */,
				1520DC512B652C6C00C9EDAF /* FirebasePerformance */,
				1520DC532B652C6C00C9EDAF /* FirebaseRemoteConfig */,
				1520DC552B652C6C00C9EDAF /* FirebaseRemoteConfigSwift */,
				1520DC572B652C6C00C9EDAF /* FirebaseStorage */,
				1520DC592B652C6C00C9EDAF /* FirebaseStorageCombine-Community */,
				1594A5122BBB087E0056B9B2 /* Kingfisher */,
			);
			productName = Marketore;
			productReference = 1520DC012B63A3B000C9EDAF /* Marketore.app */;
			productType = "com.apple.product-type.application";
		};
		15F32FEA2B8FBE4600A153AD /* MarketoreTests */ = {
			isa = PBXNativeTarget;
			buildConfigurationList = 15F32FF12B8FBE4700A153AD /* Build configuration list for PBXNativeTarget "MarketoreTests" */;
			buildPhases = (
				15F32FE72B8FBE4600A153AD /* Sources */,
				15F32FE82B8FBE4600A153AD /* Frameworks */,
				15F32FE92B8FBE4600A153AD /* Resources */,
			);
			buildRules = (
			);
			dependencies = (
				15F32FF02B8FBE4700A153AD /* PBXTargetDependency */,
			);
			name = MarketoreTests;
			productName = MarketoreTests;
			productReference = 15F32FEB2B8FBE4600A153AD /* MarketoreTests.xctest */;
			productType = "com.apple.product-type.bundle.unit-test";
		};
/* End PBXNativeTarget section */

/* Begin PBXProject section */
		1520DBF92B63A3B000C9EDAF /* Project object */ = {
			isa = PBXProject;
			attributes = {
				BuildIndependentTargetsInParallel = 1;
				LastSwiftUpdateCheck = 1500;
				LastUpgradeCheck = 1500;
				TargetAttributes = {
					1520DC002B63A3B000C9EDAF = {
						CreatedOnToolsVersion = 15.0;
					};
					15F32FEA2B8FBE4600A153AD = {
						CreatedOnToolsVersion = 15.0;
						TestTargetID = 1520DC002B63A3B000C9EDAF;
					};
				};
			};
			buildConfigurationList = 1520DBFC2B63A3B000C9EDAF /* Build configuration list for PBXProject "Marketore" */;
			compatibilityVersion = "Xcode 14.0";
			developmentRegion = en;
			hasScannedForEncodings = 0;
			knownRegions = (
				en,
				Base,
			);
			mainGroup = 1520DBF82B63A3B000C9EDAF;
			packageReferences = (
				1520DC1F2B652C1F00C9EDAF /* XCRemoteSwiftPackageReference "GoogleSignIn-iOS" */,
				1520DC242B652C6B00C9EDAF /* XCRemoteSwiftPackageReference "firebase-ios-sdk" */,
				1594A5112BBB087E0056B9B2 /* XCRemoteSwiftPackageReference "Kingfisher" */,
			);
			productRefGroup = 1520DC022B63A3B000C9EDAF /* Products */;
			projectDirPath = "";
			projectRoot = "";
			targets = (
				1520DC002B63A3B000C9EDAF /* Marketore */,
				15F32FEA2B8FBE4600A153AD /* MarketoreTests */,
			);
		};
/* End PBXProject section */

/* Begin PBXResourcesBuildPhase section */
		1520DBFF2B63A3B000C9EDAF /* Resources */ = {
			isa = PBXResourcesBuildPhase;
			buildActionMask = 2147483647;
			files = (
				1520DC132B651FFE00C9EDAF /* GoogleService-Info.plist in Resources */,
				1520DC0C2B63A3B200C9EDAF /* Preview Assets.xcassets in Resources */,
				1520DC092B63A3B200C9EDAF /* Assets.xcassets in Resources */,
			);
			runOnlyForDeploymentPostprocessing = 0;
		};
		15F32FE92B8FBE4600A153AD /* Resources */ = {
			isa = PBXResourcesBuildPhase;
			buildActionMask = 2147483647;
			files = (
			);
			runOnlyForDeploymentPostprocessing = 0;
		};
/* End PBXResourcesBuildPhase section */

/* Begin PBXSourcesBuildPhase section */
		1520DBFD2B63A3B000C9EDAF /* Sources */ = {
			isa = PBXSourcesBuildPhase;
			buildActionMask = 2147483647;
			files = (
				15893D532B66D10E006BD88C /* SettingsView.swift in Sources */,
				15893D592B66F7C5006BD88C /* ViewOffsetKey.swift in Sources */,
				15893D472B66D047006BD88C /* MarketViewModel.swift in Sources */,
				15F32FE42B8B9BB000A153AD /* InputField.swift in Sources */,
				1520DC6B2B65355300C9EDAF /* AppError.swift in Sources */,
				1599A4722B751ACF004B76F6 /* SubcategoryViewModel.swift in Sources */,
				159ED9BF2BA3777400E6D57D /* FilterOption.swift in Sources */,
				15AF5FDC2B867422007173AF /* Product.swift in Sources */,
				15FE71752BBABB120006D1C9 /* BookmarksViewModel.swift in Sources */,
				1503FC542B9355BD0074B6BB /* AccountNavigation.swift in Sources */,
				1503FC572B95CAFE0074B6BB /* SnackBar.swift in Sources */,
				1599A4742B751ADA004B76F6 /* SubcategoryView.swift in Sources */,
				15595EB12B9DBFF500B0D5DF /* AccountCellDetailView.swift in Sources */,
				1520DC642B65352200C9EDAF /* UserManager.swift in Sources */,
				15FE71732BBABB070006D1C9 /* BookmarksView.swift in Sources */,
				15893D412B66CD28006BD88C /* TabBarView.swift in Sources */,
				1520DC662B65352200C9EDAF /* AuthenticationManager.swift in Sources */,
				15E0DC402BBD61A8005DA5CA /* BookmarkManager.swift in Sources */,
				1520DC1E2B652BE600C9EDAF /* AuthenticationViewModel.swift in Sources */,
				15E0DC3E2BBD5C5D005DA5CA /* Bookmark.swift in Sources */,
				15893D4B2B66D065006BD88C /* AccountView.swift in Sources */,
				1520DC072B63A3B000C9EDAF /* ContentView.swift in Sources */,
				15893D572B66D68C006BD88C /* AppColor.swift in Sources */,
				1520DC682B65352200C9EDAF /* AuthDataResultModel.swift in Sources */,
				15C05B7D2B77B5B400D7EE77 /* ProductInfoViewModel.swift in Sources */,
				1563165F2BAC35F000F990E8 /* MarketCellDetailView.swift in Sources */,
				15FE37A92B6BBE1D00E8E2BF /* CategoryView.swift in Sources */,
				15FE37AB2B6BBE2700E8E2BF /* CategoryViewModel.swift in Sources */,
				1520DC702B65391A00C9EDAF /* SocialMediaButton.swift in Sources */,
				15AF5FD82B83F762007173AF /* UserDefaultsHelper.swift in Sources */,
				15893D4D2B66D070006BD88C /* AccountViewModel.swift in Sources */,
				1520DC672B65352200C9EDAF /* SignInGoogleHelper.swift in Sources */,
				15AF5FDE2B8676C7007173AF /* UserDefaultsProtocols.swift in Sources */,
				15469F372BB2E5B4005A630E /* ImagePicker.swift in Sources */,
				15893D422B66CD28006BD88C /* TabBar.swift in Sources */,
				15B6E8062B98A37A00627D3F /* ProductManager.swift in Sources */,
				1520DC052B63A3B000C9EDAF /* MarketoreApp.swift in Sources */,
				1520DC6D2B6536F500C9EDAF /* RootView.swift in Sources */,
				15FE37AD2B6BC19400E8E2BF /* TagLayout.swift in Sources */,
				15C05B7F2B77B5C200D7EE77 /* ProductInfoView.swift in Sources */,
				15893D4F2B66D07C006BD88C /* SettingsViewModel.swift in Sources */,
				15FE37AF2B6BEA6300E8E2BF /* ProductCategories.swift in Sources */,
				156316612BAC379F00F990E8 /* MarketNavigation.swift in Sources */,
				1520DC652B65352200C9EDAF /* SignInAppleHelper.swift in Sources */,
				1520DC5C2B65349D00C9EDAF /* UserModel.swift in Sources */,
				1520DC1D2B652BE600C9EDAF /* AuthenticationView.swift in Sources */,
				15893D492B66D056006BD88C /* MarketView.swift in Sources */,
				15595EB52B9DC01B00B0D5DF /* CellView.swift in Sources */,
			);
			runOnlyForDeploymentPostprocessing = 0;
		};
		15F32FE72B8FBE4600A153AD /* Sources */ = {
			isa = PBXSourcesBuildPhase;
			buildActionMask = 2147483647;
			files = (
				15F32FEE2B8FBE4700A153AD /* MarketoreTests.swift in Sources */,
			);
			runOnlyForDeploymentPostprocessing = 0;
		};
/* End PBXSourcesBuildPhase section */

/* Begin PBXTargetDependency section */
		15F32FF02B8FBE4700A153AD /* PBXTargetDependency */ = {
			isa = PBXTargetDependency;
			target = 1520DC002B63A3B000C9EDAF /* Marketore */;
			targetProxy = 15F32FEF2B8FBE4700A153AD /* PBXContainerItemProxy */;
		};
/* End PBXTargetDependency section */

/* Begin XCBuildConfiguration section */
		1520DC0D2B63A3B200C9EDAF /* Debug */ = {
			isa = XCBuildConfiguration;
			buildSettings = {
				ALWAYS_SEARCH_USER_PATHS = NO;
				ASSETCATALOG_COMPILER_GENERATE_SWIFT_ASSET_SYMBOL_EXTENSIONS = YES;
				CLANG_ANALYZER_NONNULL = YES;
				CLANG_ANALYZER_NUMBER_OBJECT_CONVERSION = YES_AGGRESSIVE;
				CLANG_CXX_LANGUAGE_STANDARD = "gnu++20";
				CLANG_ENABLE_MODULES = YES;
				CLANG_ENABLE_OBJC_ARC = YES;
				CLANG_ENABLE_OBJC_WEAK = YES;
				CLANG_WARN_BLOCK_CAPTURE_AUTORELEASING = YES;
				CLANG_WARN_BOOL_CONVERSION = YES;
				CLANG_WARN_COMMA = YES;
				CLANG_WARN_CONSTANT_CONVERSION = YES;
				CLANG_WARN_DEPRECATED_OBJC_IMPLEMENTATIONS = YES;
				CLANG_WARN_DIRECT_OBJC_ISA_USAGE = YES_ERROR;
				CLANG_WARN_DOCUMENTATION_COMMENTS = YES;
				CLANG_WARN_EMPTY_BODY = YES;
				CLANG_WARN_ENUM_CONVERSION = YES;
				CLANG_WARN_INFINITE_RECURSION = YES;
				CLANG_WARN_INT_CONVERSION = YES;
				CLANG_WARN_NON_LITERAL_NULL_CONVERSION = YES;
				CLANG_WARN_OBJC_IMPLICIT_RETAIN_SELF = YES;
				CLANG_WARN_OBJC_LITERAL_CONVERSION = YES;
				CLANG_WARN_OBJC_ROOT_CLASS = YES_ERROR;
				CLANG_WARN_QUOTED_INCLUDE_IN_FRAMEWORK_HEADER = YES;
				CLANG_WARN_RANGE_LOOP_ANALYSIS = YES;
				CLANG_WARN_STRICT_PROTOTYPES = YES;
				CLANG_WARN_SUSPICIOUS_MOVE = YES;
				CLANG_WARN_UNGUARDED_AVAILABILITY = YES_AGGRESSIVE;
				CLANG_WARN_UNREACHABLE_CODE = YES;
				CLANG_WARN__DUPLICATE_METHOD_MATCH = YES;
				COPY_PHASE_STRIP = NO;
				DEBUG_INFORMATION_FORMAT = dwarf;
				ENABLE_STRICT_OBJC_MSGSEND = YES;
				ENABLE_TESTABILITY = YES;
				ENABLE_USER_SCRIPT_SANDBOXING = YES;
				GCC_C_LANGUAGE_STANDARD = gnu17;
				GCC_DYNAMIC_NO_PIC = NO;
				GCC_NO_COMMON_BLOCKS = YES;
				GCC_OPTIMIZATION_LEVEL = 0;
				GCC_PREPROCESSOR_DEFINITIONS = (
					"DEBUG=1",
					"$(inherited)",
				);
				GCC_WARN_64_TO_32_BIT_CONVERSION = YES;
				GCC_WARN_ABOUT_RETURN_TYPE = YES_ERROR;
				GCC_WARN_UNDECLARED_SELECTOR = YES;
				GCC_WARN_UNINITIALIZED_AUTOS = YES_AGGRESSIVE;
				GCC_WARN_UNUSED_FUNCTION = YES;
				GCC_WARN_UNUSED_VARIABLE = YES;
				IPHONEOS_DEPLOYMENT_TARGET = 17.0;
				LOCALIZATION_PREFERS_STRING_CATALOGS = YES;
				MTL_ENABLE_DEBUG_INFO = INCLUDE_SOURCE;
				MTL_FAST_MATH = YES;
				ONLY_ACTIVE_ARCH = YES;
				SDKROOT = iphoneos;
				SWIFT_ACTIVE_COMPILATION_CONDITIONS = "DEBUG $(inherited)";
				SWIFT_OPTIMIZATION_LEVEL = "-Onone";
			};
			name = Debug;
		};
		1520DC0E2B63A3B200C9EDAF /* Release */ = {
			isa = XCBuildConfiguration;
			buildSettings = {
				ALWAYS_SEARCH_USER_PATHS = NO;
				ASSETCATALOG_COMPILER_GENERATE_SWIFT_ASSET_SYMBOL_EXTENSIONS = YES;
				CLANG_ANALYZER_NONNULL = YES;
				CLANG_ANALYZER_NUMBER_OBJECT_CONVERSION = YES_AGGRESSIVE;
				CLANG_CXX_LANGUAGE_STANDARD = "gnu++20";
				CLANG_ENABLE_MODULES = YES;
				CLANG_ENABLE_OBJC_ARC = YES;
				CLANG_ENABLE_OBJC_WEAK = YES;
				CLANG_WARN_BLOCK_CAPTURE_AUTORELEASING = YES;
				CLANG_WARN_BOOL_CONVERSION = YES;
				CLANG_WARN_COMMA = YES;
				CLANG_WARN_CONSTANT_CONVERSION = YES;
				CLANG_WARN_DEPRECATED_OBJC_IMPLEMENTATIONS = YES;
				CLANG_WARN_DIRECT_OBJC_ISA_USAGE = YES_ERROR;
				CLANG_WARN_DOCUMENTATION_COMMENTS = YES;
				CLANG_WARN_EMPTY_BODY = YES;
				CLANG_WARN_ENUM_CONVERSION = YES;
				CLANG_WARN_INFINITE_RECURSION = YES;
				CLANG_WARN_INT_CONVERSION = YES;
				CLANG_WARN_NON_LITERAL_NULL_CONVERSION = YES;
				CLANG_WARN_OBJC_IMPLICIT_RETAIN_SELF = YES;
				CLANG_WARN_OBJC_LITERAL_CONVERSION = YES;
				CLANG_WARN_OBJC_ROOT_CLASS = YES_ERROR;
				CLANG_WARN_QUOTED_INCLUDE_IN_FRAMEWORK_HEADER = YES;
				CLANG_WARN_RANGE_LOOP_ANALYSIS = YES;
				CLANG_WARN_STRICT_PROTOTYPES = YES;
				CLANG_WARN_SUSPICIOUS_MOVE = YES;
				CLANG_WARN_UNGUARDED_AVAILABILITY = YES_AGGRESSIVE;
				CLANG_WARN_UNREACHABLE_CODE = YES;
				CLANG_WARN__DUPLICATE_METHOD_MATCH = YES;
				COPY_PHASE_STRIP = NO;
				DEBUG_INFORMATION_FORMAT = "dwarf-with-dsym";
				ENABLE_NS_ASSERTIONS = NO;
				ENABLE_STRICT_OBJC_MSGSEND = YES;
				ENABLE_USER_SCRIPT_SANDBOXING = YES;
				GCC_C_LANGUAGE_STANDARD = gnu17;
				GCC_NO_COMMON_BLOCKS = YES;
				GCC_WARN_64_TO_32_BIT_CONVERSION = YES;
				GCC_WARN_ABOUT_RETURN_TYPE = YES_ERROR;
				GCC_WARN_UNDECLARED_SELECTOR = YES;
				GCC_WARN_UNINITIALIZED_AUTOS = YES_AGGRESSIVE;
				GCC_WARN_UNUSED_FUNCTION = YES;
				GCC_WARN_UNUSED_VARIABLE = YES;
				IPHONEOS_DEPLOYMENT_TARGET = 17.0;
				LOCALIZATION_PREFERS_STRING_CATALOGS = YES;
				MTL_ENABLE_DEBUG_INFO = NO;
				MTL_FAST_MATH = YES;
				SDKROOT = iphoneos;
				SWIFT_COMPILATION_MODE = wholemodule;
				VALIDATE_PRODUCT = YES;
			};
			name = Release;
		};
		1520DC102B63A3B200C9EDAF /* Debug */ = {
			isa = XCBuildConfiguration;
			buildSettings = {
				ASSETCATALOG_COMPILER_APPICON_NAME = AppIcon;
				ASSETCATALOG_COMPILER_GLOBAL_ACCENT_COLOR_NAME = AccentColor;
				CODE_SIGN_STYLE = Automatic;
				CURRENT_PROJECT_VERSION = 1;
				DEVELOPMENT_ASSET_PATHS = "\"Marketore/Preview Content\"";
				DEVELOPMENT_TEAM = XZA5R9TKBS;
				ENABLE_PREVIEWS = YES;
				GENERATE_INFOPLIST_FILE = YES;
				INFOPLIST_FILE = Marketore/Info.plist;
				INFOPLIST_KEY_UIApplicationSceneManifest_Generation = YES;
				INFOPLIST_KEY_UIApplicationSupportsIndirectInputEvents = YES;
				INFOPLIST_KEY_UILaunchScreen_Generation = YES;
				INFOPLIST_KEY_UISupportedInterfaceOrientations_iPad = "UIInterfaceOrientationPortrait UIInterfaceOrientationPortraitUpsideDown UIInterfaceOrientationLandscapeLeft UIInterfaceOrientationLandscapeRight";
				INFOPLIST_KEY_UISupportedInterfaceOrientations_iPhone = "UIInterfaceOrientationPortrait UIInterfaceOrientationLandscapeLeft UIInterfaceOrientationLandscapeRight";
				LD_RUNPATH_SEARCH_PATHS = (
					"$(inherited)",
					"@executable_path/Frameworks",
				);
				MARKETING_VERSION = 1.0;
				PRODUCT_BUNDLE_IDENTIFIER = deffsin.Marketore;
				PRODUCT_NAME = "$(TARGET_NAME)";
				SWIFT_EMIT_LOC_STRINGS = YES;
				SWIFT_VERSION = 5.0;
				TARGETED_DEVICE_FAMILY = "1,2";
			};
			name = Debug;
		};
		1520DC112B63A3B200C9EDAF /* Release */ = {
			isa = XCBuildConfiguration;
			buildSettings = {
				ASSETCATALOG_COMPILER_APPICON_NAME = AppIcon;
				ASSETCATALOG_COMPILER_GLOBAL_ACCENT_COLOR_NAME = AccentColor;
				CODE_SIGN_STYLE = Automatic;
				CURRENT_PROJECT_VERSION = 1;
				DEVELOPMENT_ASSET_PATHS = "\"Marketore/Preview Content\"";
				DEVELOPMENT_TEAM = XZA5R9TKBS;
				ENABLE_PREVIEWS = YES;
				GENERATE_INFOPLIST_FILE = YES;
				INFOPLIST_FILE = Marketore/Info.plist;
				INFOPLIST_KEY_UIApplicationSceneManifest_Generation = YES;
				INFOPLIST_KEY_UIApplicationSupportsIndirectInputEvents = YES;
				INFOPLIST_KEY_UILaunchScreen_Generation = YES;
				INFOPLIST_KEY_UISupportedInterfaceOrientations_iPad = "UIInterfaceOrientationPortrait UIInterfaceOrientationPortraitUpsideDown UIInterfaceOrientationLandscapeLeft UIInterfaceOrientationLandscapeRight";
				INFOPLIST_KEY_UISupportedInterfaceOrientations_iPhone = "UIInterfaceOrientationPortrait UIInterfaceOrientationLandscapeLeft UIInterfaceOrientationLandscapeRight";
				LD_RUNPATH_SEARCH_PATHS = (
					"$(inherited)",
					"@executable_path/Frameworks",
				);
				MARKETING_VERSION = 1.0;
				PRODUCT_BUNDLE_IDENTIFIER = deffsin.Marketore;
				PRODUCT_NAME = "$(TARGET_NAME)";
				SWIFT_EMIT_LOC_STRINGS = YES;
				SWIFT_VERSION = 5.0;
				TARGETED_DEVICE_FAMILY = "1,2";
			};
			name = Release;
		};
		15F32FF22B8FBE4700A153AD /* Debug */ = {
			isa = XCBuildConfiguration;
			buildSettings = {
				BUNDLE_LOADER = "$(TEST_HOST)";
				CODE_SIGN_STYLE = Automatic;
				CURRENT_PROJECT_VERSION = 1;
				DEVELOPMENT_TEAM = XZA5R9TKBS;
				GENERATE_INFOPLIST_FILE = YES;
				MARKETING_VERSION = 1.0;
				PRODUCT_BUNDLE_IDENTIFIER = deffsin.MarketoreTests;
				PRODUCT_NAME = "$(TARGET_NAME)";
				SWIFT_EMIT_LOC_STRINGS = NO;
				SWIFT_VERSION = 5.0;
				TARGETED_DEVICE_FAMILY = "1,2";
				TEST_HOST = "$(BUILT_PRODUCTS_DIR)/Marketore.app/$(BUNDLE_EXECUTABLE_FOLDER_PATH)/Marketore";
			};
			name = Debug;
		};
		15F32FF32B8FBE4700A153AD /* Release */ = {
			isa = XCBuildConfiguration;
			buildSettings = {
				BUNDLE_LOADER = "$(TEST_HOST)";
				CODE_SIGN_STYLE = Automatic;
				CURRENT_PROJECT_VERSION = 1;
				DEVELOPMENT_TEAM = XZA5R9TKBS;
				GENERATE_INFOPLIST_FILE = YES;
				MARKETING_VERSION = 1.0;
				PRODUCT_BUNDLE_IDENTIFIER = deffsin.MarketoreTests;
				PRODUCT_NAME = "$(TARGET_NAME)";
				SWIFT_EMIT_LOC_STRINGS = NO;
				SWIFT_VERSION = 5.0;
				TARGETED_DEVICE_FAMILY = "1,2";
				TEST_HOST = "$(BUILT_PRODUCTS_DIR)/Marketore.app/$(BUNDLE_EXECUTABLE_FOLDER_PATH)/Marketore";
			};
			name = Release;
		};
/* End XCBuildConfiguration section */

/* Begin XCConfigurationList section */
		1520DBFC2B63A3B000C9EDAF /* Build configuration list for PBXProject "Marketore" */ = {
			isa = XCConfigurationList;
			buildConfigurations = (
				1520DC0D2B63A3B200C9EDAF /* Debug */,
				1520DC0E2B63A3B200C9EDAF /* Release */,
			);
			defaultConfigurationIsVisible = 0;
			defaultConfigurationName = Release;
		};
		1520DC0F2B63A3B200C9EDAF /* Build configuration list for PBXNativeTarget "Marketore" */ = {
			isa = XCConfigurationList;
			buildConfigurations = (
				1520DC102B63A3B200C9EDAF /* Debug */,
				1520DC112B63A3B200C9EDAF /* Release */,
			);
			defaultConfigurationIsVisible = 0;
			defaultConfigurationName = Release;
		};
		15F32FF12B8FBE4700A153AD /* Build configuration list for PBXNativeTarget "MarketoreTests" */ = {
			isa = XCConfigurationList;
			buildConfigurations = (
				15F32FF22B8FBE4700A153AD /* Debug */,
				15F32FF32B8FBE4700A153AD /* Release */,
			);
			defaultConfigurationIsVisible = 0;
			defaultConfigurationName = Release;
		};
/* End XCConfigurationList section */

/* Begin XCRemoteSwiftPackageReference section */
		1520DC1F2B652C1F00C9EDAF /* XCRemoteSwiftPackageReference "GoogleSignIn-iOS" */ = {
			isa = XCRemoteSwiftPackageReference;
			repositoryURL = "https://github.com/google/GoogleSignIn-iOS.git";
			requirement = {
				kind = upToNextMajorVersion;
				minimumVersion = 7.0.0;
			};
		};
		1520DC242B652C6B00C9EDAF /* XCRemoteSwiftPackageReference "firebase-ios-sdk" */ = {
			isa = XCRemoteSwiftPackageReference;
			repositoryURL = "https://github.com/firebase/firebase-ios-sdk.git";
			requirement = {
				kind = upToNextMajorVersion;
				minimumVersion = 10.20.0;
			};
		};
		1594A5112BBB087E0056B9B2 /* XCRemoteSwiftPackageReference "Kingfisher" */ = {
			isa = XCRemoteSwiftPackageReference;
			repositoryURL = "https://github.com/onevcat/Kingfisher.git";
			requirement = {
				kind = upToNextMajorVersion;
				minimumVersion = 7.11.0;
			};
		};
/* End XCRemoteSwiftPackageReference section */

/* Begin XCSwiftPackageProductDependency section */
		1520DC202B652C1F00C9EDAF /* GoogleSignIn */ = {
			isa = XCSwiftPackageProductDependency;
			package = 1520DC1F2B652C1F00C9EDAF /* XCRemoteSwiftPackageReference "GoogleSignIn-iOS" */;
			productName = GoogleSignIn;
		};
		1520DC222B652C1F00C9EDAF /* GoogleSignInSwift */ = {
			isa = XCSwiftPackageProductDependency;
			package = 1520DC1F2B652C1F00C9EDAF /* XCRemoteSwiftPackageReference "GoogleSignIn-iOS" */;
			productName = GoogleSignInSwift;
		};
		1520DC252B652C6B00C9EDAF /* FirebaseAnalytics */ = {
			isa = XCSwiftPackageProductDependency;
			package = 1520DC242B652C6B00C9EDAF /* XCRemoteSwiftPackageReference "firebase-ios-sdk" */;
			productName = FirebaseAnalytics;
		};
		1520DC272B652C6B00C9EDAF /* FirebaseAnalyticsOnDeviceConversion */ = {
			isa = XCSwiftPackageProductDependency;
			package = 1520DC242B652C6B00C9EDAF /* XCRemoteSwiftPackageReference "firebase-ios-sdk" */;
			productName = FirebaseAnalyticsOnDeviceConversion;
		};
		1520DC292B652C6B00C9EDAF /* FirebaseAnalyticsSwift */ = {
			isa = XCSwiftPackageProductDependency;
			package = 1520DC242B652C6B00C9EDAF /* XCRemoteSwiftPackageReference "firebase-ios-sdk" */;
			productName = FirebaseAnalyticsSwift;
		};
		1520DC2B2B652C6B00C9EDAF /* FirebaseAnalyticsWithoutAdIdSupport */ = {
			isa = XCSwiftPackageProductDependency;
			package = 1520DC242B652C6B00C9EDAF /* XCRemoteSwiftPackageReference "firebase-ios-sdk" */;
			productName = FirebaseAnalyticsWithoutAdIdSupport;
		};
		1520DC2D2B652C6B00C9EDAF /* FirebaseAppCheck */ = {
			isa = XCSwiftPackageProductDependency;
			package = 1520DC242B652C6B00C9EDAF /* XCRemoteSwiftPackageReference "firebase-ios-sdk" */;
			productName = FirebaseAppCheck;
		};
		1520DC2F2B652C6B00C9EDAF /* FirebaseAppDistribution-Beta */ = {
			isa = XCSwiftPackageProductDependency;
			package = 1520DC242B652C6B00C9EDAF /* XCRemoteSwiftPackageReference "firebase-ios-sdk" */;
			productName = "FirebaseAppDistribution-Beta";
		};
		1520DC312B652C6B00C9EDAF /* FirebaseAuth */ = {
			isa = XCSwiftPackageProductDependency;
			package = 1520DC242B652C6B00C9EDAF /* XCRemoteSwiftPackageReference "firebase-ios-sdk" */;
			productName = FirebaseAuth;
		};
		1520DC332B652C6B00C9EDAF /* FirebaseAuthCombine-Community */ = {
			isa = XCSwiftPackageProductDependency;
			package = 1520DC242B652C6B00C9EDAF /* XCRemoteSwiftPackageReference "firebase-ios-sdk" */;
			productName = "FirebaseAuthCombine-Community";
		};
		1520DC352B652C6B00C9EDAF /* FirebaseCrashlytics */ = {
			isa = XCSwiftPackageProductDependency;
			package = 1520DC242B652C6B00C9EDAF /* XCRemoteSwiftPackageReference "firebase-ios-sdk" */;
			productName = FirebaseCrashlytics;
		};
		1520DC372B652C6C00C9EDAF /* FirebaseDatabase */ = {
			isa = XCSwiftPackageProductDependency;
			package = 1520DC242B652C6B00C9EDAF /* XCRemoteSwiftPackageReference "firebase-ios-sdk" */;
			productName = FirebaseDatabase;
		};
		1520DC392B652C6C00C9EDAF /* FirebaseDatabaseSwift */ = {
			isa = XCSwiftPackageProductDependency;
			package = 1520DC242B652C6B00C9EDAF /* XCRemoteSwiftPackageReference "firebase-ios-sdk" */;
			productName = FirebaseDatabaseSwift;
		};
		1520DC3B2B652C6C00C9EDAF /* FirebaseDynamicLinks */ = {
			isa = XCSwiftPackageProductDependency;
			package = 1520DC242B652C6B00C9EDAF /* XCRemoteSwiftPackageReference "firebase-ios-sdk" */;
			productName = FirebaseDynamicLinks;
		};
		1520DC3D2B652C6C00C9EDAF /* FirebaseFirestore */ = {
			isa = XCSwiftPackageProductDependency;
			package = 1520DC242B652C6B00C9EDAF /* XCRemoteSwiftPackageReference "firebase-ios-sdk" */;
			productName = FirebaseFirestore;
		};
		1520DC3F2B652C6C00C9EDAF /* FirebaseFirestoreCombine-Community */ = {
			isa = XCSwiftPackageProductDependency;
			package = 1520DC242B652C6B00C9EDAF /* XCRemoteSwiftPackageReference "firebase-ios-sdk" */;
			productName = "FirebaseFirestoreCombine-Community";
		};
		1520DC412B652C6C00C9EDAF /* FirebaseFirestoreSwift */ = {
			isa = XCSwiftPackageProductDependency;
			package = 1520DC242B652C6B00C9EDAF /* XCRemoteSwiftPackageReference "firebase-ios-sdk" */;
			productName = FirebaseFirestoreSwift;
		};
		1520DC432B652C6C00C9EDAF /* FirebaseFunctions */ = {
			isa = XCSwiftPackageProductDependency;
			package = 1520DC242B652C6B00C9EDAF /* XCRemoteSwiftPackageReference "firebase-ios-sdk" */;
			productName = FirebaseFunctions;
		};
		1520DC452B652C6C00C9EDAF /* FirebaseFunctionsCombine-Community */ = {
			isa = XCSwiftPackageProductDependency;
			package = 1520DC242B652C6B00C9EDAF /* XCRemoteSwiftPackageReference "firebase-ios-sdk" */;
			productName = "FirebaseFunctionsCombine-Community";
		};
		1520DC472B652C6C00C9EDAF /* FirebaseInAppMessaging-Beta */ = {
			isa = XCSwiftPackageProductDependency;
			package = 1520DC242B652C6B00C9EDAF /* XCRemoteSwiftPackageReference "firebase-ios-sdk" */;
			productName = "FirebaseInAppMessaging-Beta";
		};
		1520DC492B652C6C00C9EDAF /* FirebaseInAppMessagingSwift-Beta */ = {
			isa = XCSwiftPackageProductDependency;
			package = 1520DC242B652C6B00C9EDAF /* XCRemoteSwiftPackageReference "firebase-ios-sdk" */;
			productName = "FirebaseInAppMessagingSwift-Beta";
		};
		1520DC4B2B652C6C00C9EDAF /* FirebaseInstallations */ = {
			isa = XCSwiftPackageProductDependency;
			package = 1520DC242B652C6B00C9EDAF /* XCRemoteSwiftPackageReference "firebase-ios-sdk" */;
			productName = FirebaseInstallations;
		};
		1520DC4D2B652C6C00C9EDAF /* FirebaseMLModelDownloader */ = {
			isa = XCSwiftPackageProductDependency;
			package = 1520DC242B652C6B00C9EDAF /* XCRemoteSwiftPackageReference "firebase-ios-sdk" */;
			productName = FirebaseMLModelDownloader;
		};
		1520DC4F2B652C6C00C9EDAF /* FirebaseMessaging */ = {
			isa = XCSwiftPackageProductDependency;
			package = 1520DC242B652C6B00C9EDAF /* XCRemoteSwiftPackageReference "firebase-ios-sdk" */;
			productName = FirebaseMessaging;
		};
		1520DC512B652C6C00C9EDAF /* FirebasePerformance */ = {
			isa = XCSwiftPackageProductDependency;
			package = 1520DC242B652C6B00C9EDAF /* XCRemoteSwiftPackageReference "firebase-ios-sdk" */;
			productName = FirebasePerformance;
		};
		1520DC532B652C6C00C9EDAF /* FirebaseRemoteConfig */ = {
			isa = XCSwiftPackageProductDependency;
			package = 1520DC242B652C6B00C9EDAF /* XCRemoteSwiftPackageReference "firebase-ios-sdk" */;
			productName = FirebaseRemoteConfig;
		};
		1520DC552B652C6C00C9EDAF /* FirebaseRemoteConfigSwift */ = {
			isa = XCSwiftPackageProductDependency;
			package = 1520DC242B652C6B00C9EDAF /* XCRemoteSwiftPackageReference "firebase-ios-sdk" */;
			productName = FirebaseRemoteConfigSwift;
		};
		1520DC572B652C6C00C9EDAF /* FirebaseStorage */ = {
			isa = XCSwiftPackageProductDependency;
			package = 1520DC242B652C6B00C9EDAF /* XCRemoteSwiftPackageReference "firebase-ios-sdk" */;
			productName = FirebaseStorage;
		};
		1520DC592B652C6C00C9EDAF /* FirebaseStorageCombine-Community */ = {
			isa = XCSwiftPackageProductDependency;
			package = 1520DC242B652C6B00C9EDAF /* XCRemoteSwiftPackageReference "firebase-ios-sdk" */;
			productName = "FirebaseStorageCombine-Community";
		};
		1594A5122BBB087E0056B9B2 /* Kingfisher */ = {
			isa = XCSwiftPackageProductDependency;
			package = 1594A5112BBB087E0056B9B2 /* XCRemoteSwiftPackageReference "Kingfisher" */;
			productName = Kingfisher;
		};
/* End XCSwiftPackageProductDependency section */
	};
	rootObject = 1520DBF92B63A3B000C9EDAF /* Project object */;
}
